# generated by rye
# use `rye lock` or `rye sync` to update this lockfile
#
# last locked with the following flags:
#   pre: false
#   features: []
#   all-features: false
#   with-sources: false

-e file:.
aiohttp==3.9.5
    # via perspective
aiosignal==1.3.1
    # via aiohttp
attrs==23.2.0
    # via aiohttp
frozenlist==1.4.1
    # via aiohttp
    # via aiosignal
idna==3.7
    # via yarl
iniconfig==2.0.0
    # via pytest
multidict==6.0.5
    # via aiohttp
    # via yarl
orjson==3.10.1
    # via perspective
packaging==24.0
    # via pytest
pluggy==1.4.0
    # via pytest
pytest==8.1.1
    # via pytest-asyncio
pytest-asyncio==0.23.6
ruff==0.4.1
yarl==1.9.4
    # via aiohttp
